
Microsoft Visual Studio Solution File, Format Version 12.00
# Visual Studio Version 17
VisualStudioVersion = 17.5.002.0
MinimumVisualStudioVersion = 10.0.40219.1
Project("{9A19103F-16F7-4668-BE54-9A1E7A4F7556}") = "Calculator(GitHubActions)", "Calculator(GitHubActions).csproj", "{F041B945-7351-45DC-96E3-186997D58543}"
EndProject
Global
	GlobalSection(SolutionConfigurationPlatforms) = preSolution
		Debug|Any CPU = Debug|Any CPU
		Release|Any CPU = Release|Any CPU
	EndGlobalSection
	GlobalSection(ProjectConfigurationPlatforms) = postSolution
		{F041B945-7351-45DC-96E3-186997D58543}.Debug|Any CPU.ActiveCfg = Debug|Any CPU
		{F041B945-7351-45DC-96E3-186997D58543}.Debug|Any CPU.Build.0 = Debug|Any CPU
		{F041B945-7351-45DC-96E3-186997D58543}.Release|Any CPU.ActiveCfg = Release|Any CPU
		{F041B945-7351-45DC-96E3-186997D58543}.Release|Any CPU.Build.0 = Release|Any CPU
	EndGlobalSection
	GlobalSection(SolutionProperties) = preSolution
		HideSolutionNode = FALSE
	EndGlobalSection
	GlobalSection(ExtensibilityGlobals) = postSolution
		SolutionGuid = {6487FD3C-DB30-4332-8190-2D96A1993B8D}
	EndGlobalSection
EndGlobal
